
Microsoft Visual Studio Solution File, Format Version 12.00
# Visual Studio Version 16
VisualStudioVersion = 16.0.29403.142
MinimumVisualStudioVersion = 10.0.40219.1
Project("{FAE04EC0-301F-11D3-BF4B-00C04F79EFBC}") = "Trailers", "Trailers\Trailers.csproj", "{3B28CE6C-B02A-4F35-95DB-B2C2A80CC15F}"
EndProject
Project("{FAE04EC0-301F-11D3-BF4B-00C04F79EFBC}") = "Trailers.MVC", "Trailers.MVC\Trailers.MVC.csproj", "{7141F340-9DC5-4258-BC03-51D27B8E25E3}"
EndProject
Global
	GlobalSection(SolutionConfigurationPlatforms) = preSolution
		Debug|Any CPU = Debug|Any CPU
		Release|Any CPU = Release|Any CPU
	EndGlobalSection
	GlobalSection(ProjectConfigurationPlatforms) = postSolution
		{3B28CE6C-B02A-4F35-95DB-B2C2A80CC15F}.Debug|Any CPU.ActiveCfg = Debug|Any CPU
		{3B28CE6C-B02A-4F35-95DB-B2C2A80CC15F}.Debug|Any CPU.Build.0 = Debug|Any CPU
		{3B28CE6C-B02A-4F35-95DB-B2C2A80CC15F}.Release|Any CPU.ActiveCfg = Release|Any CPU
		{3B28CE6C-B02A-4F35-95DB-B2C2A80CC15F}.Release|Any CPU.Build.0 = Release|Any CPU
		{7141F340-9DC5-4258-BC03-51D27B8E25E3}.Debug|Any CPU.ActiveCfg = Debug|Any CPU
		{7141F340-9DC5-4258-BC03-51D27B8E25E3}.Debug|Any CPU.Build.0 = Debug|Any CPU
		{7141F340-9DC5-4258-BC03-51D27B8E25E3}.Release|Any CPU.ActiveCfg = Release|Any CPU
		{7141F340-9DC5-4258-BC03-51D27B8E25E3}.Release|Any CPU.Build.0 = Release|Any CPU
	EndGlobalSection
	GlobalSection(SolutionProperties) = preSolution
		HideSolutionNode = FALSE
	EndGlobalSection
	GlobalSection(ExtensibilityGlobals) = postSolution
		SolutionGuid = {0BC1038A-FB26-4E4E-914B-24EBF1BE1B01}
	EndGlobalSection
EndGlobal
